version = 1
revision = 2
requires-python = ">=3.11"

[[package]]
name = "discussion-1"
version = "0.1.0"
source = { virtual = "." }
dependencies = [
    { name = "dpkt" },
]

[package.metadata]
requires-dist = [{ name = "dpkt", specifier = ">=1.9.8" }]

[[package]]
name = "dpkt"
version = "1.9.8"
source = { registry = "https://pypi.org/simple" }
sdist = { url = "https://files.pythonhosted.org/packages/c9/7d/52f17a794db52a66e46ebb0c7549bf2f035ed61d5a920ba4aaa127dd038e/dpkt-1.9.8.tar.gz", hash = "sha256:43f8686e455da5052835fd1eda2689d51de3670aac9799b1b00cfd203927ee45", size = 180073, upload-time = "2022-08-18T05:54:13.582Z" }
wheels = [
    { url = "https://files.pythonhosted.org/packages/11/79/479e2194c9096b92aecdf33634ae948d2be306c6011673e98ee1917f32c2/dpkt-1.9.8-py3-none-any.whl", hash = "sha256:4da4d111d7bf67575b571f5c678c71bddd2d8a01a3d57d489faf0a92c748fbfd", size = 194973, upload-time = "2022-08-18T05:54:10.793Z" },
]
